PODS:
  - Alamofire (4.7.3)
  - AlamofireObjectMapper (5.1.0):
    - Alamofire (~> 4.1)
    - ObjectMapper (~> 3.3)
  - ALThreeCircleSpinner (1.0.4)
  - CollectionKit (2.0.2)
  - Hero (1.3.0)
  - LTMorphingLabel (0.5.7)
  - ObjectMapper (3.3.0)
  - SDWebImage (4.4.2):
    - SDWebImage/Core (= 4.4.2)
  - SDWebImage/Core (4.4.2)
  - SnapKit (4.0.0)

DEPENDENCIES:
  - Alamofire
  - AlamofireObjectMapper
  - ALThreeCircleSpinner
  - CollectionKit
  - Hero
  - LTMorphingLabel
  - SDWebImage
  - SnapKit

SPEC REPOS:
  https://github.com/cocoapods/specs.git:
    - Alamofire
    - AlamofireObjectMapper
    - ALThreeCircleSpinner
    - CollectionKit
    - Hero
    - LTMorphingLabel
    - ObjectMapper
    - SDWebImage
    - SnapKit

SPEC CHECKSUMS:
  Alamofire: c7287b6e5d7da964a70935e5db17046b7fde6568
  AlamofireObjectMapper: 3395e698901d8b0e6f48b7d0c43bd47875325102
  ALThreeCircleSpinner: a87b9c3511e5fea8509923a17d6f38b11a9b1f5f
  CollectionKit: d8a22aa5084ab227cdbbcd7accb2e5c5f2ea31ec
  Hero: 3eecd3fd62dd2425cbc7e35505c557b86d5a379e
  LTMorphingLabel: 9d1c38bd602fe505f264d3e9fdb780995142f275
  ObjectMapper: b612bf8c8e99c4dc0bb6013a51f7c27966ed5da9
  SDWebImage: 624d6e296c69b244bcede364c72ae0430ac14681
  SnapKit: a42d492c16e80209130a3379f73596c3454b7694

PODFILE CHECKSUM: 01ba6887c9ba892974e9044014e50d5f8e675238

COCOAPODS: 1.5.3
